
Microsoft Visual Studio Solution File, Format Version 12.00
# Visual Studio Version 17
VisualStudioVersion = 17.0.32002.185
MinimumVisualStudioVersion = 10.0.40219.1
Project("{FAE04EC0-301F-11D3-BF4B-00C04F79EFBC}") = "First_Csharp_Project_Lipsar", "First_Csharp_Project_Lipsar\First_Csharp_Project_Lipsar.csproj", "{0D62003A-BEE4-483C-856D-A2629A4CFD78}"
EndProject
Global
	GlobalSection(SolutionConfigurationPlatforms) = preSolution
		Debug|Any CPU = Debug|Any CPU
		Release|Any CPU = Release|Any CPU
	EndGlobalSection
	GlobalSection(ProjectConfigurationPlatforms) = postSolution
		{0D62003A-BEE4-483C-856D-A2629A4CFD78}.Debug|Any CPU.ActiveCfg = Debug|Any CPU
		{0D62003A-BEE4-483C-856D-A2629A4CFD78}.Debug|Any CPU.Build.0 = Debug|Any CPU
		{0D62003A-BEE4-483C-856D-A2629A4CFD78}.Release|Any CPU.ActiveCfg = Release|Any CPU
		{0D62003A-BEE4-483C-856D-A2629A4CFD78}.Release|Any CPU.Build.0 = Release|Any CPU
	EndGlobalSection
	GlobalSection(SolutionProperties) = preSolution
		HideSolutionNode = FALSE
	EndGlobalSection
	GlobalSection(ExtensibilityGlobals) = postSolution
		SolutionGuid = {18D199C1-C3B5-4002-AFCF-7ECC2E2EDF9F}
	EndGlobalSection
EndGlobal
